{
  "name": "codekit-project",
  "version": "1.0.0",
  "lockfileVersion": 1,
  "requires": true,
  "dependencies": {
    "fastclick": {
      "version": "1.0.6",
      "resolved": "https://registry.npmjs.org/fastclick/-/fastclick-1.0.6.tgz",
      "integrity": "sha512-cXyDBT4g0uWl/Xe75QspBDAgAWQ0lkPi/zgp6YFEUHj6WV6VIZl7R6TiDZhdOVU3W4ehp/8tG61Jev1jit+ztQ=="
    },
    "font-awesome": {
      "version": "4.7.0",
      "resolved": "https://registry.npmjs.org/font-awesome/-/font-awesome-4.7.0.tgz",
      "integrity": "sha512-U6kGnykA/6bFmg1M/oT9EkFeIYv7JlX3bozwQJWiiLz6L0w3F5vBVPxHlwyX/vtNq1ckcpRKOB9f2Qal/VtFpg=="
    },
    "gsap": {
      "version": "3.11.2",
      "resolved": "https://registry.npmjs.org/gsap/-/gsap-3.11.2.tgz",
      "integrity": "sha512-y1NSjM2i2yCjLtoNuoyIhhh9kmYOpFEU9su1EbHuZGN3OWr8M6NIjNHBurSWu/blbHAPQqGm7mUIokSxqTTp2Q=="
    }
  }
}
